version = 1
requires-python = ">=3.9"

[[package]]
name = "anyio"
version = "4.4.0"
source = { registry = "https://pypi.org/simple" }
dependencies = [
    { name = "exceptiongroup", marker = "python_full_version < '3.11'" },
    { name = "idna" },
    { name = "sniffio" },
    { name = "typing-extensions", marker = "python_full_version < '3.11'" },
]
sdist = { url = "https://files.pythonhosted.org/packages/e6/e3/c4c8d473d6780ef1853d630d581f70d655b4f8d7553c6997958c283039a2/anyio-4.4.0.tar.gz", hash = "sha256:5aadc6a1bbb7cdb0bede386cac5e2940f5e2ff3aa20277e991cf028e0585ce94", size = 163930 }
wheels = [
    { url = "https://files.pythonhosted.org/packages/7b/a2/10639a79341f6c019dedc95bd48a4928eed9f1d1197f4c04f546fc7ae0ff/anyio-4.4.0-py3-none-any.whl", hash = "sha256:c1b2d8f46a8a812513012e1107cb0e68c17159a7a594208005a57dc776e1bdc7", size = 86780 },
]

[[package]]
name = "cachetools"
version = "5.5.0"
source = { registry = "https://pypi.org/simple" }
sdist = { url = "https://files.pythonhosted.org/packages/c3/38/a0f315319737ecf45b4319a8cd1f3a908e29d9277b46942263292115eee7/cachetools-5.5.0.tar.gz", hash = "sha256:2cc24fb4cbe39633fb7badd9db9ca6295d766d9c2995f245725a46715d050f2a", size = 27661 }
wheels = [
    { url = "https://files.pythonhosted.org/packages/a4/07/14f8ad37f2d12a5ce41206c21820d8cb6561b728e51fad4530dff0552a67/cachetools-5.5.0-py3-none-any.whl", hash = "sha256:02134e8439cdc2ffb62023ce1debca2944c3f289d66bb17ead3ab3dede74b292", size = 9524 },
]

[[package]]
name = "certifi"
version = "2024.8.30"
source = { registry = "https://pypi.org/simple" }
sdist = { url = "https://files.pythonhosted.org/packages/b0/ee/9b19140fe824b367c04c5e1b369942dd754c4c5462d5674002f75c4dedc1/certifi-2024.8.30.tar.gz", hash = "sha256:bec941d2aa8195e248a60b31ff9f0558284cf01a52591ceda73ea9afffd69fd9", size = 168507 }
wheels = [
    { url = "https://files.pythonhosted.org/packages/12/90/3c9ff0512038035f59d279fddeb79f5f1eccd8859f06d6163c58798b9487/certifi-2024.8.30-py3-none-any.whl", hash = "sha256:922820b53db7a7257ffbda3f597266d435245903d80737e34f8a45ff3e3230d8", size = 167321 },
]

[[package]]
name = "cfcrawler"
version = "0.1.0"
source = { virtual = "." }
dependencies = [
    { name = "httpx" },
    { name = "typing-extensions" },
]

[package.optional-dependencies]
ua = [
    { name = "fake-useragent" },
]

[package.dev-dependencies]
dev = [
    { name = "fake-useragent" },
    { name = "pyright" },
    { name = "pytest" },
    { name = "pytest-asyncio" },
    { name = "ruff" },
    { name = "tox" },
    { name = "tox-gh-actions" },
    { name = "tox-uv" },
]

[package.metadata]
requires-dist = [
    { name = "fake-useragent", marker = "extra == 'ua'", specifier = ">=1.5.1" },
    { name = "httpx", specifier = ">=0.20" },
    { name = "typing-extensions", specifier = ">=4.12.2" },
]

[package.metadata.requires-dev]
dev = [
    { name = "fake-useragent", specifier = ">=1.5.1" },
    { name = "pyright", specifier = "==1.1.353" },
    { name = "pytest", specifier = ">=8.3.2" },
    { name = "pytest-asyncio", specifier = "<0.24" },
    { name = "ruff", specifier = ">=0.6.3" },
    { name = "tox", specifier = ">=4.18.0" },
    { name = "tox-gh-actions", specifier = ">=3.2.0" },
    { name = "tox-uv", specifier = ">=1.11.2" },
]

[[package]]
name = "chardet"
version = "5.2.0"
source = { registry = "https://pypi.org/simple" }
sdist = { url = "https://files.pythonhosted.org/packages/f3/0d/f7b6ab21ec75897ed80c17d79b15951a719226b9fababf1e40ea74d69079/chardet-5.2.0.tar.gz", hash = "sha256:1b3b6ff479a8c414bc3fa2c0852995695c4a026dcd6d0633b2dd092ca39c1cf7", size = 2069618 }
wheels = [
    { url = "https://files.pythonhosted.org/packages/38/6f/f5fbc992a329ee4e0f288c1fe0e2ad9485ed064cac731ed2fe47dcc38cbf/chardet-5.2.0-py3-none-any.whl", hash = "sha256:e1cf59446890a00105fe7b7912492ea04b6e6f06d4b742b2c788469e34c82970", size = 199385 },
]

[[package]]
name = "colorama"
version = "0.4.6"
source = { registry = "https://pypi.org/simple" }
sdist = { url = "https://files.pythonhosted.org/packages/d8/53/6f443c9a4a8358a93a6792e2acffb9d9d5cb0a5cfd8802644b7b1c9a02e4/colorama-0.4.6.tar.gz", hash = "sha256:08695f5cb7ed6e0531a20572697297273c47b8cae5a63ffc6d6ed5c201be6e44", size = 27697 }
wheels = [
    { url = "https://files.pythonhosted.org/packages/d1/d6/3965ed04c63042e047cb6a3e6ed1a63a35087b6a609aa3a15ed8ac56c221/colorama-0.4.6-py2.py3-none-any.whl", hash = "sha256:4f1d9991f5acc0ca119f9d443620b77f9d6b33703e51011c16baf57afb285fc6", size = 25335 },
]

[[package]]
name = "distlib"
version = "0.3.8"
source = { registry = "https://pypi.org/simple" }
sdist = { url = "https://files.pythonhosted.org/packages/c4/91/e2df406fb4efacdf46871c25cde65d3c6ee5e173b7e5a4547a47bae91920/distlib-0.3.8.tar.gz", hash = "sha256:1530ea13e350031b6312d8580ddb6b27a104275a31106523b8f123787f494f64", size = 609931 }
wheels = [
    { url = "https://files.pythonhosted.org/packages/8e/41/9307e4f5f9976bc8b7fea0b66367734e8faf3ec84bc0d412d8cfabbb66cd/distlib-0.3.8-py2.py3-none-any.whl", hash = "sha256:034db59a0b96f8ca18035f36290806a9a6e6bd9d1ff91e45a7f172eb17e51784", size = 468850 },
]

[[package]]
name = "exceptiongroup"
version = "1.2.2"
source = { registry = "https://pypi.org/simple" }
sdist = { url = "https://files.pythonhosted.org/packages/09/35/2495c4ac46b980e4ca1f6ad6db102322ef3ad2410b79fdde159a4b0f3b92/exceptiongroup-1.2.2.tar.gz", hash = "sha256:47c2edf7c6738fafb49fd34290706d1a1a2f4d1c6df275526b62cbb4aa5393cc", size = 28883 }
wheels = [
    { url = "https://files.pythonhosted.org/packages/02/cc/b7e31358aac6ed1ef2bb790a9746ac2c69bcb3c8588b41616914eb106eaf/exceptiongroup-1.2.2-py3-none-any.whl", hash = "sha256:3111b9d131c238bec2f8f516e123e14ba243563fb135d3fe885990585aa7795b", size = 16453 },
]

[[package]]
name = "fake-useragent"
version = "1.5.1"
source = { registry = "https://pypi.org/simple" }
dependencies = [
    { name = "importlib-resources", marker = "python_full_version < '3.10'" },
]
sdist = { url = "https://files.pythonhosted.org/packages/24/a1/1f662631ab153975fa8dbf09296324ecbaf53370dce922054e8de6b57370/fake-useragent-1.5.1.tar.gz", hash = "sha256:6387269f5a2196b5ba7ed8935852f75486845a1c95c50e72460e6a8e762f5c49", size = 22631 }
wheels = [
    { url = "https://files.pythonhosted.org/packages/e4/99/60d8cf1b26938c2e0a57e232f7f15641dfcd6f8deda454d73e4145910ff6/fake_useragent-1.5.1-py3-none-any.whl", hash = "sha256:57415096557c8a4e23b62a375c21c55af5fd4ba30549227f562d2c4f5b60e3b3", size = 17190 },
]

[[package]]
name = "filelock"
version = "3.15.4"
source = { registry = "https://pypi.org/simple" }
sdist = { url = "https://files.pythonhosted.org/packages/08/dd/49e06f09b6645156550fb9aee9cc1e59aba7efbc972d665a1bd6ae0435d4/filelock-3.15.4.tar.gz", hash = "sha256:2207938cbc1844345cb01a5a95524dae30f0ce089eba5b00378295a17e3e90cb", size = 18007 }
wheels = [
    { url = "https://files.pythonhosted.org/packages/ae/f0/48285f0262fe47103a4a45972ed2f9b93e4c80b8fd609fa98da78b2a5706/filelock-3.15.4-py3-none-any.whl", hash = "sha256:6ca1fffae96225dab4c6eaf1c4f4f28cd2568d3ec2a44e15a08520504de468e7", size = 16159 },
]

[[package]]
name = "h11"
version = "0.14.0"
source = { registry = "https://pypi.org/simple" }
sdist = { url = "https://files.pythonhosted.org/packages/f5/38/3af3d3633a34a3316095b39c8e8fb4853a28a536e55d347bd8d8e9a14b03/h11-0.14.0.tar.gz", hash = "sha256:8f19fbbe99e72420ff35c00b27a34cb9937e902a8b810e2c88300c6f0a3b699d", size = 100418 }
wheels = [
    { url = "https://files.pythonhosted.org/packages/95/04/ff642e65ad6b90db43e668d70ffb6736436c7ce41fcc549f4e9472234127/h11-0.14.0-py3-none-any.whl", hash = "sha256:e3fe4ac4b851c468cc8363d500db52c2ead036020723024a109d37346efaa761", size = 58259 },
]

[[package]]
name = "httpcore"
version = "1.0.5"
source = { registry = "https://pypi.org/simple" }
dependencies = [
    { name = "certifi" },
    { name = "h11" },
]
sdist = { url = "https://files.pythonhosted.org/packages/17/b0/5e8b8674f8d203335a62fdfcfa0d11ebe09e23613c3391033cbba35f7926/httpcore-1.0.5.tar.gz", hash = "sha256:34a38e2f9291467ee3b44e89dd52615370e152954ba21721378a87b2960f7a61", size = 83234 }
wheels = [
    { url = "https://files.pythonhosted.org/packages/78/d4/e5d7e4f2174f8a4d63c8897d79eb8fe2503f7ecc03282fee1fa2719c2704/httpcore-1.0.5-py3-none-any.whl", hash = "sha256:421f18bac248b25d310f3cacd198d55b8e6125c107797b609ff9b7a6ba7991b5", size = 77926 },
]

[[package]]
name = "httpx"
version = "0.27.2"
source = { registry = "https://pypi.org/simple" }
dependencies = [
    { name = "anyio" },
    { name = "certifi" },
    { name = "httpcore" },
    { name = "idna" },
    { name = "sniffio" },
]
sdist = { url = "https://files.pythonhosted.org/packages/78/82/08f8c936781f67d9e6b9eeb8a0c8b4e406136ea4c3d1f89a5db71d42e0e6/httpx-0.27.2.tar.gz", hash = "sha256:f7c2be1d2f3c3c3160d441802406b206c2b76f5947b11115e6df10c6c65e66c2", size = 144189 }
wheels = [
    { url = "https://files.pythonhosted.org/packages/56/95/9377bcb415797e44274b51d46e3249eba641711cf3348050f76ee7b15ffc/httpx-0.27.2-py3-none-any.whl", hash = "sha256:7bb2708e112d8fdd7829cd4243970f0c223274051cb35ee80c03301ee29a3df0", size = 76395 },
]

[[package]]
name = "idna"
version = "3.8"
source = { registry = "https://pypi.org/simple" }
sdist = { url = "https://files.pythonhosted.org/packages/e8/ac/e349c5e6d4543326c6883ee9491e3921e0d07b55fdf3cce184b40d63e72a/idna-3.8.tar.gz", hash = "sha256:d838c2c0ed6fced7693d5e8ab8e734d5f8fda53a039c0164afb0b82e771e3603", size = 189467 }
wheels = [
    { url = "https://files.pythonhosted.org/packages/22/7e/d71db821f177828df9dea8c42ac46473366f191be53080e552e628aad991/idna-3.8-py3-none-any.whl", hash = "sha256:050b4e5baadcd44d760cedbd2b8e639f2ff89bbc7a5730fcc662954303377aac", size = 66894 },
]

[[package]]
name = "importlib-resources"
version = "6.4.4"
source = { registry = "https://pypi.org/simple" }
dependencies = [
    { name = "zipp", marker = "python_full_version < '3.10'" },
]
sdist = { url = "https://files.pythonhosted.org/packages/0e/6a/3ac38d1458685a04fafa299dce821713a4f65e5ec30466bec07113f2f891/importlib_resources-6.4.4.tar.gz", hash = "sha256:20600c8b7361938dc0bb2d5ec0297802e575df486f5a544fa414da65e13721f7", size = 42721 }
wheels = [
    { url = "https://files.pythonhosted.org/packages/db/2a/728c8ae66011600fac5731a7db030d23c42f1321fd9547654f0c3b2b32d7/importlib_resources-6.4.4-py3-none-any.whl", hash = "sha256:dda242603d1c9cd836c3368b1174ed74cb4049ecd209e7a1a0104620c18c5c11", size = 35608 },
]

[[package]]
name = "iniconfig"
version = "2.0.0"
source = { registry = "https://pypi.org/simple" }
sdist = { url = "https://files.pythonhosted.org/packages/d7/4b/cbd8e699e64a6f16ca3a8220661b5f83792b3017d0f79807cb8708d33913/iniconfig-2.0.0.tar.gz", hash = "sha256:2d91e135bf72d31a410b17c16da610a82cb55f6b0477d1a902134b24a455b8b3", size = 4646 }
wheels = [
    { url = "https://files.pythonhosted.org/packages/ef/a6/62565a6e1cf69e10f5727360368e451d4b7f58beeac6173dc9db836a5b46/iniconfig-2.0.0-py3-none-any.whl", hash = "sha256:b6a85871a79d2e3b22d2d1b94ac2824226a63c6b741c88f7ae975f18b6778374", size = 5892 },
]

[[package]]
name = "nodeenv"
version = "1.9.1"
source = { registry = "https://pypi.org/simple" }
sdist = { url = "https://files.pythonhosted.org/packages/43/16/fc88b08840de0e0a72a2f9d8c6bae36be573e475a6326ae854bcc549fc45/nodeenv-1.9.1.tar.gz", hash = "sha256:6ec12890a2dab7946721edbfbcd91f3319c6ccc9aec47be7c7e6b7011ee6645f", size = 47437 }
wheels = [
    { url = "https://files.pythonhosted.org/packages/d2/1d/1b658dbd2b9fa9c4c9f32accbfc0205d532c8c6194dc0f2a4c0428e7128a/nodeenv-1.9.1-py2.py3-none-any.whl", hash = "sha256:ba11c9782d29c27c70ffbdda2d7415098754709be8a7056d79a737cd901155c9", size = 22314 },
]

[[package]]
name = "packaging"
version = "24.1"
source = { registry = "https://pypi.org/simple" }
sdist = { url = "https://files.pythonhosted.org/packages/51/65/50db4dda066951078f0a96cf12f4b9ada6e4b811516bf0262c0f4f7064d4/packaging-24.1.tar.gz", hash = "sha256:026ed72c8ed3fcce5bf8950572258698927fd1dbda10a5e981cdf0ac37f4f002", size = 148788 }
wheels = [
    { url = "https://files.pythonhosted.org/packages/08/aa/cc0199a5f0ad350994d660967a8efb233fe0416e4639146c089643407ce6/packaging-24.1-py3-none-any.whl", hash = "sha256:5b8f2217dbdbd2f7f384c41c628544e6d52f2d0f53c6d0c3ea61aa5d1d7ff124", size = 53985 },
]

[[package]]
name = "platformdirs"
version = "4.2.2"
source = { registry = "https://pypi.org/simple" }
sdist = { url = "https://files.pythonhosted.org/packages/f5/52/0763d1d976d5c262df53ddda8d8d4719eedf9594d046f117c25a27261a19/platformdirs-4.2.2.tar.gz", hash = "sha256:38b7b51f512eed9e84a22788b4bce1de17c0adb134d6becb09836e37d8654cd3", size = 20916 }
wheels = [
    { url = "https://files.pythonhosted.org/packages/68/13/2aa1f0e1364feb2c9ef45302f387ac0bd81484e9c9a4c5688a322fbdfd08/platformdirs-4.2.2-py3-none-any.whl", hash = "sha256:2d7a1657e36a80ea911db832a8a6ece5ee53d8de21edd5cc5879af6530b1bfee", size = 18146 },
]

[[package]]
name = "pluggy"
version = "1.5.0"
source = { registry = "https://pypi.org/simple" }
sdist = { url = "https://files.pythonhosted.org/packages/96/2d/02d4312c973c6050a18b314a5ad0b3210edb65a906f868e31c111dede4a6/pluggy-1.5.0.tar.gz", hash = "sha256:2cffa88e94fdc978c4c574f15f9e59b7f4201d439195c3715ca9e2486f1d0cf1", size = 67955 }
wheels = [
    { url = "https://files.pythonhosted.org/packages/88/5f/e351af9a41f866ac3f1fac4ca0613908d9a41741cfcf2228f4ad853b697d/pluggy-1.5.0-py3-none-any.whl", hash = "sha256:44e1ad92c8ca002de6377e165f3e0f1be63266ab4d554740532335b9d75ea669", size = 20556 },
]

[[package]]
name = "pyproject-api"
version = "1.7.1"
source = { registry = "https://pypi.org/simple" }
dependencies = [
    { name = "packaging" },
    { name = "tomli", marker = "python_full_version < '3.11'" },
]
sdist = { url = "https://files.pythonhosted.org/packages/41/43/5581b42a96c5ee7bf2b22d3b08b34c8a54dfe6591d8b9a4314c890bd4a0d/pyproject_api-1.7.1.tar.gz", hash = "sha256:7ebc6cd10710f89f4cf2a2731710a98abce37ebff19427116ff2174c9236a827", size = 22271 }
wheels = [
    { url = "https://files.pythonhosted.org/packages/de/88/c1451b66664ae596bae93928ff372f4da89c2c7250132ecb76cc99256c93/pyproject_api-1.7.1-py3-none-any.whl", hash = "sha256:2dc1654062c2b27733d8fd4cdda672b22fe8741ef1dde8e3a998a9547b071eeb", size = 13172 },
]

[[package]]
name = "pyright"
version = "1.1.353"
source = { registry = "https://pypi.org/simple" }
dependencies = [
    { name = "nodeenv" },
]
sdist = { url = "https://files.pythonhosted.org/packages/30/89/2e537d2e109404d888bead0334168cf9985b8a9d196056c292a87dc0df90/pyright-1.1.353.tar.gz", hash = "sha256:24343bbc2a4f997563f966b6244a2e863473f1d85af6d24abcb366fcbb4abca9", size = 17490 }
wheels = [
    { url = "https://files.pythonhosted.org/packages/75/86/e2f88eb68126ad3fdee5f575a6aaf2c87524bfa1be009200cddd4cb5fc11/pyright-1.1.353-py3-none-any.whl", hash = "sha256:8d7e6719d0be4fd9f4a37f010237c6a74d91ec1e7c81de634c2f3f9965f8ab43", size = 18224 },
]

[[package]]
name = "pytest"
version = "8.3.2"
source = { registry = "https://pypi.org/simple" }
dependencies = [
    { name = "colorama", marker = "sys_platform == 'win32'" },
    { name = "exceptiongroup", marker = "python_full_version < '3.11'" },
    { name = "iniconfig" },
    { name = "packaging" },
    { name = "pluggy" },
    { name = "tomli", marker = "python_full_version < '3.11'" },
]
sdist = { url = "https://files.pythonhosted.org/packages/b4/8c/9862305bdcd6020bc7b45b1b5e7397a6caf1a33d3025b9a003b39075ffb2/pytest-8.3.2.tar.gz", hash = "sha256:c132345d12ce551242c87269de812483f5bcc87cdbb4722e48487ba194f9fdce", size = 1439314 }
wheels = [
    { url = "https://files.pythonhosted.org/packages/0f/f9/cf155cf32ca7d6fa3601bc4c5dd19086af4b320b706919d48a4c79081cf9/pytest-8.3.2-py3-none-any.whl", hash = "sha256:4ba08f9ae7dcf84ded419494d229b48d0903ea6407b030eaec46df5e6a73bba5", size = 341802 },
]

[[package]]
name = "pytest-asyncio"
version = "0.23.8"
source = { registry = "https://pypi.org/simple" }
dependencies = [
    { name = "pytest" },
]
sdist = { url = "https://files.pythonhosted.org/packages/de/b4/0b378b7bf26a8ae161c3890c0b48a91a04106c5713ce81b4b080ea2f4f18/pytest_asyncio-0.23.8.tar.gz", hash = "sha256:759b10b33a6dc61cce40a8bd5205e302978bbbcc00e279a8b61d9a6a3c82e4d3", size = 46920 }
wheels = [
    { url = "https://files.pythonhosted.org/packages/ee/82/62e2d63639ecb0fbe8a7ee59ef0bc69a4669ec50f6d3459f74ad4e4189a2/pytest_asyncio-0.23.8-py3-none-any.whl", hash = "sha256:50265d892689a5faefb84df80819d1ecef566eb3549cf915dfb33569359d1ce2", size = 17663 },
]

[[package]]
name = "ruff"
version = "0.6.3"
source = { registry = "https://pypi.org/simple" }
sdist = { url = "https://files.pythonhosted.org/packages/5d/f9/0b32e5d1c6f957df49398cd882a011e9488fcbca0d6acfeeea50ccd37a4d/ruff-0.6.3.tar.gz", hash = "sha256:183b99e9edd1ef63be34a3b51fee0a9f4ab95add123dbf89a71f7b1f0c991983", size = 2463514 }
wheels = [
    { url = "https://files.pythonhosted.org/packages/72/68/1da6a1e39a03a229ea57c511691d6225072759cc7764206c3f0989521194/ruff-0.6.3-py3-none-linux_armv6l.whl", hash = "sha256:97f58fda4e309382ad30ede7f30e2791d70dd29ea17f41970119f55bdb7a45c3", size = 9696928 },
    { url = "https://files.pythonhosted.org/packages/6e/59/3b8b1d3a4271c6eb6ceecd3cef19a6d881639a0f18ad651563d6f619aaae/ruff-0.6.3-py3-none-macosx_10_12_x86_64.whl", hash = "sha256:3b061e49b5cf3a297b4d1c27ac5587954ccb4ff601160d3d6b2f70b1622194dc", size = 9448462 },
    { url = "https://files.pythonhosted.org/packages/35/4f/b942ecb8bbebe53aa9b33e9b96df88acd50b70adaaed3070f1d92131a1cb/ruff-0.6.3-py3-none-macosx_11_0_arm64.whl", hash = "sha256:34e2824a13bb8c668c71c1760a6ac7d795ccbd8d38ff4a0d8471fdb15de910b1", size = 9176190 },
    { url = "https://files.pythonhosted.org/packages/a0/20/b0bcb29d4ee437f3567b73b6905c034e2e94d29b9b826c66daecc1cf6388/ruff-0.6.3-py3-none-manylinux_2_17_aarch64.manylinux2014_aarch64.whl", hash = "sha256:bddfbb8d63c460f4b4128b6a506e7052bad4d6f3ff607ebbb41b0aa19c2770d1", size = 10108892 },
    { url = "https://files.pythonhosted.org/packages/9c/e3/211bc759f424e8823a9937e0f678695ca02113c621dfde1fa756f9f26f6d/ruff-0.6.3-py3-none-manylinux_2_17_armv7l.manylinux2014_armv7l.whl", hash = "sha256:ced3eeb44df75353e08ab3b6a9e113b5f3f996bea48d4f7c027bc528ba87b672", size = 9476471 },
    { url = "https://files.pythonhosted.org/packages/b2/a3/2ec35a2d7a554364864206f0e46812b92a074ad8a014b923d821ead532aa/ruff-0.6.3-py3-none-manylinux_2_17_i686.manylinux2014_i686.whl", hash = "sha256:47021dff5445d549be954eb275156dfd7c37222acc1e8014311badcb9b4ec8c1", size = 10294802 },
    { url = "https://files.pythonhosted.org/packages/03/8b/56ef687b3489c88886dea48c78fb4969b6b65f18007d0ac450070edd1f58/ruff-0.6.3-py3-none-manylinux_2_17_ppc64.manylinux2014_ppc64.whl", hash = "sha256:7d7bd20dc07cebd68cc8bc7b3f5ada6d637f42d947c85264f94b0d1cd9d87384", size = 11022372 },
    { url = "https://files.pythonhosted.org/packages/a5/21/327d147feb442adb88975e81e2263102789eba9ad2afa102c661912a482f/ruff-0.6.3-py3-none-manylinux_2_17_ppc64le.manylinux2014_ppc64le.whl", hash = "sha256:500f166d03fc6d0e61c8e40a3ff853fa8a43d938f5d14c183c612df1b0d6c58a", size = 10596596 },
    { url = "https://files.pythonhosted.org/packages/6c/86/ff386de63729da3e08c8099c57f577a00ec9f3eea711b23ac07cf3588dc5/ruff-0.6.3-py3-none-manylinux_2_17_s390x.manylinux2014_s390x.whl", hash = "sha256:42844ff678f9b976366b262fa2d1d1a3fe76f6e145bd92c84e27d172e3c34500", size = 11572830 },
    { url = "https://files.pythonhosted.org/packages/38/5d/b33284c108e3f315ddd09b70296fd76bd28ecf8965a520bc93f3bbd8ac40/ruff-0.6.3-py3-none-manylinux_2_17_x86_64.manylinux2014_x86_64.whl", hash = "sha256:70452a10eb2d66549de8e75f89ae82462159855e983ddff91bc0bce6511d0470", size = 10262577 },
    { url = "https://files.pythonhosted.org/packages/29/99/9cdfad0d7f460e66567236eddc691473791afd9aff93a0dfcdef0462a6c7/ruff-0.6.3-py3-none-musllinux_1_2_aarch64.whl", hash = "sha256:65a533235ed55f767d1fc62193a21cbf9e3329cf26d427b800fdeacfb77d296f", size = 10098751 },
    { url = "https://files.pythonhosted.org/packages/a8/9f/f801a1619f5549e552f1f722f1db57eb39e7e1d83d482133142781d450de/ruff-0.6.3-py3-none-musllinux_1_2_armv7l.whl", hash = "sha256:d2e2c23cef30dc3cbe9cc5d04f2899e7f5e478c40d2e0a633513ad081f7361b5", size = 9563859 },
    { url = "https://files.pythonhosted.org/packages/0b/4d/fb2424faf04ffdb960ae2b3a1d991c5183dd981003de727d2d5cc38abc98/ruff-0.6.3-py3-none-musllinux_1_2_i686.whl", hash = "sha256:d8a136aa7d228975a6aee3dd8bea9b28e2b43e9444aa678fb62aeb1956ff2351", size = 9914291 },
    { url = "https://files.pythonhosted.org/packages/2e/dd/94fddf002a8f6152e8ebfbb51d3f93febc415c1fe694345623c31ce8b33b/ruff-0.6.3-py3-none-musllinux_1_2_x86_64.whl", hash = "sha256:f92fe93bc72e262b7b3f2bba9879897e2d58a989b4714ba6a5a7273e842ad2f8", size = 10331549 },
    { url = "https://files.pythonhosted.org/packages/b4/73/ca9c2f9237a430ca423b6dca83b77e9a428afeb7aec80596e86c369123fe/ruff-0.6.3-py3-none-win32.whl", hash = "sha256:7a62d3b5b0d7f9143d94893f8ba43aa5a5c51a0ffc4a401aa97a81ed76930521", size = 7962163 },
    { url = "https://files.pythonhosted.org/packages/55/ce/061c605b1dfb52748d59bc0c7a8507546c178801156415773d18febfd71d/ruff-0.6.3-py3-none-win_amd64.whl", hash = "sha256:746af39356fee2b89aada06c7376e1aa274a23493d7016059c3a72e3b296befb", size = 8800901 },
    { url = "https://files.pythonhosted.org/packages/63/28/ae4ffe7d3b6134ca6d31ebef07447ef70097c4a9e8fbbc519b374c5c1559/ruff-0.6.3-py3-none-win_arm64.whl", hash = "sha256:14a9528a8b70ccc7a847637c29e56fd1f9183a9db743bbc5b8e0c4ad60592a82", size = 8229171 },
]

[[package]]
name = "sniffio"
version = "1.3.1"
source = { registry = "https://pypi.org/simple" }
sdist = { url = "https://files.pythonhosted.org/packages/a2/87/a6771e1546d97e7e041b6ae58d80074f81b7d5121207425c964ddf5cfdbd/sniffio-1.3.1.tar.gz", hash = "sha256:f4324edc670a0f49750a81b895f35c3adb843cca46f0530f79fc1babb23789dc", size = 20372 }
wheels = [
    { url = "https://files.pythonhosted.org/packages/e9/44/75a9c9421471a6c4805dbf2356f7c181a29c1879239abab1ea2cc8f38b40/sniffio-1.3.1-py3-none-any.whl", hash = "sha256:2f6da418d1f1e0fddd844478f41680e794e6051915791a034ff65e5f100525a2", size = 10235 },
]

[[package]]
name = "tomli"
version = "2.0.1"
source = { registry = "https://pypi.org/simple" }
sdist = { url = "https://files.pythonhosted.org/packages/c0/3f/d7af728f075fb08564c5949a9c95e44352e23dee646869fa104a3b2060a3/tomli-2.0.1.tar.gz", hash = "sha256:de526c12914f0c550d15924c62d72abc48d6fe7364aa87328337a31007fe8a4f", size = 15164 }
wheels = [
    { url = "https://files.pythonhosted.org/packages/97/75/10a9ebee3fd790d20926a90a2547f0bf78f371b2f13aa822c759680ca7b9/tomli-2.0.1-py3-none-any.whl", hash = "sha256:939de3e7a6161af0c887ef91b7d41a53e7c5a1ca976325f429cb46ea9bc30ecc", size = 12757 },
]

[[package]]
name = "tox"
version = "4.18.0"
source = { registry = "https://pypi.org/simple" }
dependencies = [
    { name = "cachetools" },
    { name = "chardet" },
    { name = "colorama" },
    { name = "filelock" },
    { name = "packaging" },
    { name = "platformdirs" },
    { name = "pluggy" },
    { name = "pyproject-api" },
    { name = "tomli", marker = "python_full_version < '3.11'" },
    { name = "virtualenv" },
]
sdist = { url = "https://files.pythonhosted.org/packages/38/d6/e3713386deb7df92ef383693544eccb18260ce4325fabcf5aac6594c1d95/tox-4.18.0.tar.gz", hash = "sha256:5dfa1cab9f146becd6e351333a82f9e0ade374451630ba65ee54584624c27b58", size = 180782 }
wheels = [
    { url = "https://files.pythonhosted.org/packages/a2/40/37c670a35bea970cb4e8c19a756ec75a3362b792041003aa075a29123ccc/tox-4.18.0-py3-none-any.whl", hash = "sha256:0a457400cf70615dc0627eb70d293e80cd95d8ce174bb40ac011011f0c03a249", size = 156735 },
]

[[package]]
name = "tox-gh-actions"
version = "3.2.0"
source = { registry = "https://pypi.org/simple" }
dependencies = [
    { name = "tox" },
]
sdist = { url = "https://files.pythonhosted.org/packages/5b/a1/3e7b3185031f905ddfc0c65dfd85949dae612a4387cbacb286b9f2931314/tox-gh-actions-3.2.0.tar.gz", hash = "sha256:ac6fa3b8da51bc90dd77985fd55f09e746c6558c55910c0a93d643045a2b0ccc", size = 18834 }
wheels = [
    { url = "https://files.pythonhosted.org/packages/b9/7a/d59f4eb08d156787af19fb44371586fd8b25580a1837ce92ae203a847c49/tox_gh_actions-3.2.0-py2.py3-none-any.whl", hash = "sha256:821b66a4751a788fa3e9617bd796d696507b08c6e1d929ee4faefba06b73b694", size = 9951 },
]

[[package]]
name = "tox-uv"
version = "1.11.2"
source = { registry = "https://pypi.org/simple" }
dependencies = [
    { name = "packaging" },
    { name = "tox" },
    { name = "typing-extensions", marker = "python_full_version < '3.10'" },
    { name = "uv" },
]
sdist = { url = "https://files.pythonhosted.org/packages/fa/cf/7062095ae8c5e6a25d7153b9b1c4a16e52df61859160b3db66a60f055d1e/tox_uv-1.11.2.tar.gz", hash = "sha256:a7aded5c3fb69f055b523357988c1055bb573e91bfd7ecfb9b5233ebcab5d10b", size = 13628 }
wheels = [
    { url = "https://files.pythonhosted.org/packages/6a/50/5b9f2d9d10bfdfb1f748bbcdb6eae5a5da6d2a7adbef9a4df34aceac6eca/tox_uv-1.11.2-py3-none-any.whl", hash = "sha256:7f8f1737b3277e1cddcb5b89fcc5931d04923562c940ae60f29e140908566df2", size = 11265 },
]

[[package]]
name = "typing-extensions"
version = "4.12.2"
source = { registry = "https://pypi.org/simple" }
sdist = { url = "https://files.pythonhosted.org/packages/df/db/f35a00659bc03fec321ba8bce9420de607a1d37f8342eee1863174c69557/typing_extensions-4.12.2.tar.gz", hash = "sha256:1a7ead55c7e559dd4dee8856e3a88b41225abfe1ce8df57b7c13915fe121ffb8", size = 85321 }
wheels = [
    { url = "https://files.pythonhosted.org/packages/26/9f/ad63fc0248c5379346306f8668cda6e2e2e9c95e01216d2b8ffd9ff037d0/typing_extensions-4.12.2-py3-none-any.whl", hash = "sha256:04e5ca0351e0f3f85c6853954072df659d0d13fac324d0072316b67d7794700d", size = 37438 },
]

[[package]]
name = "uv"
version = "0.4.1"
source = { registry = "https://pypi.org/simple" }
sdist = { url = "https://files.pythonhosted.org/packages/54/11/71895ccc7a75ab750ce6223b762c654a146a3d42ee1b67d512a4a6a1d894/uv-0.4.1.tar.gz", hash = "sha256:7eaeeda1ee71671981274fbacac3258e8f878a6de254e6c38d4d8f0e7055aa2a", size = 1827976 }
wheels = [
    { url = "https://files.pythonhosted.org/packages/be/73/7913f1a8432404506c351c03df6603df464e0acaba371be6300bf974f37d/uv-0.4.1-py3-none-linux_armv6l.whl", hash = "sha256:596b820cf452cb4a43df886043d9b881f894efbeb076184c29f5b50222164926", size = 10810783 },
    { url = "https://files.pythonhosted.org/packages/11/20/46c14f63da6ae489c854ab200bdd54ed0f02eb98db6df584ae12f77b4d26/uv-0.4.1-py3-none-macosx_10_12_x86_64.whl", hash = "sha256:0e1c65e266bbac763d63b7d80542b12d6cf841f2db56a069ef9583e6ef1d9fab", size = 11197667 },
    { url = "https://files.pythonhosted.org/packages/46/ad/90e0d7a448b4c92846589c8bb92813ac45d2b123a2b9d4cab4167e805f9f/uv-0.4.1-py3-none-macosx_11_0_arm64.whl", hash = "sha256:fcdc6503100e86fecf6a727d3149e54581e8e9ad6c10e814fc5d22c1e80fab8d", size = 10342437 },
    { url = "https://files.pythonhosted.org/packages/b4/19/6f61a7893e76f030e6cfe8737bfb11929728b0db239598eb62932d49ca55/uv-0.4.1-py3-none-manylinux_2_17_aarch64.manylinux2014_aarch64.musllinux_1_1_aarch64.whl", hash = "sha256:cf17b70464b4e632cb3f3193206a231d94be98e520a254515f28abcb4110c738", size = 10679663 },
    { url = "https://files.pythonhosted.org/packages/47/33/ce37f56ae2e095f00038896903b958f1f08ab519efd5d18b03de5c0df010/uv-0.4.1-py3-none-manylinux_2_17_armv7l.manylinux2014_armv7l.whl", hash = "sha256:ad566cd468f98ae33ea475c1bf47ec6ea6dd3be0b6b9065c4a23def54b837919", size = 10620060 },
    { url = "https://files.pythonhosted.org/packages/1a/8b/297fbc99fc3ea966ae3bf019dd42f5e841c69ad4c5d58c69f258a2dd5f89/uv-0.4.1-py3-none-manylinux_2_17_i686.manylinux2014_i686.whl", hash = "sha256:0f0daa94e6d95b9ebd62420aa576a6a5792e03716763f27fa3430a57606de122", size = 11221220 },
    { url = "https://files.pythonhosted.org/packages/27/32/2f979550abe98c44613781e35c5f58b6f4927dd6f9e53251558b07d48446/uv-0.4.1-py3-none-manylinux_2_17_ppc64.manylinux2014_ppc64.whl", hash = "sha256:d6eb1d759a6a23d6b9d8ccb900a49814bdeeee32dbcd41bd0ed312373b8b2beb", size = 12036648 },
    { url = "https://files.pythonhosted.org/packages/aa/38/78956ac0dced46814470bfbe64381851843d9cf34f4fb5d95e3efbfb60e8/uv-0.4.1-py3-none-manylinux_2_17_ppc64le.manylinux2014_ppc64le.whl", hash = "sha256:6068ad80a23011ef508351ddc377172d98cebfdd0e9c88d06d5b13c67d2053c3", size = 11837645 },
    { url = "https://files.pythonhosted.org/packages/12/d9/1ad882c99ecba897da74a4b59cc8fe02c5894f94e6c3d7d585e58458b4d5/uv-0.4.1-py3-none-manylinux_2_17_s390x.manylinux2014_s390x.whl", hash = "sha256:d09a1888dc9580c29c8deeeaf8a991e051c1b73650e897df606ef06b8622f544", size = 14913692 },
    { url = "https://files.pythonhosted.org/packages/86/b6/2a5b326d1ff3461043a1fa287452e4749394a9791e12a47fd3d695d1d147/uv-0.4.1-py3-none-manylinux_2_17_x86_64.manylinux2014_x86_64.whl", hash = "sha256:132fa34c5813b4a2970d3ab74b700a02eb59d14bdea322a7037be1c0bd2b81c7", size = 11576290 },
    { url = "https://files.pythonhosted.org/packages/82/66/e441b3dc11ae5ba17e315851d348d01e24e84f3e4710db9dae1b5cb52b5d/uv-0.4.1-py3-none-manylinux_2_28_aarch64.whl", hash = "sha256:6af4e8a605aefabee333e110c93a198e1fb304f054bee822912952bf546a4896", size = 10789941 },
    { url = "https://files.pythonhosted.org/packages/8c/32/c3cd8773b37d8d1f20a4cc4cdc074e117c5ad5a68fe17a65d1a464f95f04/uv-0.4.1-py3-none-musllinux_1_1_armv7l.whl", hash = "sha256:bc11b55a15255deea1541dfe81455df52ad74483539a20b6515db753ec721f52", size = 10626425 },
    { url = "https://files.pythonhosted.org/packages/e5/c7/63defaf7be4e0acc2bd17cca1a114b514b1b49fea4395aa1ff17a9649a99/uv-0.4.1-py3-none-musllinux_1_1_i686.whl", hash = "sha256:1a253ed3d03a4a9a3d4c54feb55f3cda93d75a4038b6d9665c9b5c05e51ea594", size = 11041755 },
    { url = "https://files.pythonhosted.org/packages/87/99/1b661dc25b3018cdd755d7179f242034da493583023bc82728a780f71a65/uv-0.4.1-py3-none-musllinux_1_1_ppc64le.whl", hash = "sha256:7c129dc549be0a36bc0ce9540ebc981755af5a7c07076cce6564a2f10d193220", size = 12788989 },
    { url = "https://files.pythonhosted.org/packages/b7/f2/ac58abcd46f7235cef60df079772cf08e400adb9f43aa2e7b63181dfe34c/uv-0.4.1-py3-none-musllinux_1_1_x86_64.whl", hash = "sha256:f81f89a2c0cce1480816f5172edc39c3a80ff668404a72c3d6b7a7cdd90cd5ac", size = 11704625 },
    { url = "https://files.pythonhosted.org/packages/cc/21/8b25e5767eee405bc29c16c13fa347247e714226ca098a9b60e4c8252423/uv-0.4.1-py3-none-win32.whl", hash = "sha256:35992e42c1d52cbdc3db10af147818f5a440be1a2be3dfe042dfae7f0a05d71a", size = 11004831 },
    { url = "https://files.pythonhosted.org/packages/c7/b0/bb3ec0a1064a0548c9343c18cfcc58c76de86ba7c2fd312b9591ae6a342c/uv-0.4.1-py3-none-win_amd64.whl", hash = "sha256:3a26d911b72848062af1d0525dda85d538c57002c10c5965d591bdc774e701a2", size = 12317848 },
]

[[package]]
name = "virtualenv"
version = "20.26.3"
source = { registry = "https://pypi.org/simple" }
dependencies = [
    { name = "distlib" },
    { name = "filelock" },
    { name = "platformdirs" },
]
sdist = { url = "https://files.pythonhosted.org/packages/68/60/db9f95e6ad456f1872486769c55628c7901fb4de5a72c2f7bdd912abf0c1/virtualenv-20.26.3.tar.gz", hash = "sha256:4c43a2a236279d9ea36a0d76f98d84bd6ca94ac4e0f4a3b9d46d05e10fea542a", size = 9057588 }
wheels = [
    { url = "https://files.pythonhosted.org/packages/07/4d/410156100224c5e2f0011d435e477b57aed9576fc7fe137abcf14ec16e11/virtualenv-20.26.3-py3-none-any.whl", hash = "sha256:8cc4a31139e796e9a7de2cd5cf2489de1217193116a8fd42328f1bd65f434589", size = 5684792 },
]

[[package]]
name = "zipp"
version = "3.20.1"
source = { registry = "https://pypi.org/simple" }
sdist = { url = "https://files.pythonhosted.org/packages/d3/8b/1239a3ef43a0d0ebdca623fb6413bc7702c321400c5fdd574f0b7aa0fbb4/zipp-3.20.1.tar.gz", hash = "sha256:c22b14cc4763c5a5b04134207736c107db42e9d3ef2d9779d465f5f1bcba572b", size = 23848 }
wheels = [
    { url = "https://files.pythonhosted.org/packages/07/9e/c96f7a4cd0bf5625bb409b7e61e99b1130dc63a98cb8b24aeabae62d43e8/zipp-3.20.1-py3-none-any.whl", hash = "sha256:9960cd8967c8f85a56f920d5d507274e74f9ff813a0ab8889a5b5be2daf44064", size = 8988 },
]
